{
  "name": "vuex-proxy-module",
  "version": "1.0.0",
  "lockfileVersion": 1,
  "requires": true,
  "dependencies": {
    "vuex-has-module": {
      "version": "git+ssh://git@bitbucket.org/mckdevs/vuex-has-module.git#6f9b14ff81908ef59e57b6ec1072b42a20780ae2",
      "from": "git+ssh://git@bitbucket.org/mckdevs/vuex-has-module.git"
    }
  }
}
